
Microsoft Visual Studio Solution File, Format Version 12.00
# Visual Studio 15
VisualStudioVersion = 15.0.27428.2005
MinimumVisualStudioVersion = 10.0.40219.1
Project("{FAE04EC0-301F-11D3-BF4B-00C04F79EFBC}") = "MahApps.Metro.IconPacks.Browser", "MahApps.Metro.IconPacks.Browser\MahApps.Metro.IconPacks.Browser.csproj", "{0A32AEAE-27FC-4CA3-84FC-831642B3507C}"
EndProject
Global
	GlobalSection(SolutionConfigurationPlatforms) = preSolution
		Debug|Any CPU = Debug|Any CPU
		Release|Any CPU = Release|Any CPU
	EndGlobalSection
	GlobalSection(ProjectConfigurationPlatforms) = postSolution
		{0A32AEAE-27FC-4CA3-84FC-831642B3507C}.Debug|Any CPU.ActiveCfg = Debug|Any CPU
		{0A32AEAE-27FC-4CA3-84FC-831642B3507C}.Debug|Any CPU.Build.0 = Debug|Any CPU
		{0A32AEAE-27FC-4CA3-84FC-831642B3507C}.Release|Any CPU.ActiveCfg = Release|Any CPU
		{0A32AEAE-27FC-4CA3-84FC-831642B3507C}.Release|Any CPU.Build.0 = Release|Any CPU
	EndGlobalSection
	GlobalSection(SolutionProperties) = preSolution
		HideSolutionNode = FALSE
	EndGlobalSection
	GlobalSection(ExtensibilityGlobals) = postSolution
		SolutionGuid = {967EB791-B520-46FB-8AD7-4F5523C8B7A8}
	EndGlobalSection
EndGlobal
